version = 1
revision = 3
requires-python = ">=3.11"

[[package]]
name = "colorama"
version = "0.4.6"
source = { registry = "https://pypi.org/simple" }
sdist = { url = "https://files.pythonhosted.org/packages/d8/53/6f443c9a4a8358a93a6792e2acffb9d9d5cb0a5cfd8802644b7b1c9a02e4/colorama-0.4.6.tar.gz", hash = "sha256:08695f5cb7ed6e0531a20572697297273c47b8cae5a63ffc6d6ed5c201be6e44", size = 27697, upload-time = "2022-10-25T02:36:22.414Z" }
wheels = [
    { url = "https://files.pythonhosted.org/packages/d1/d6/3965ed04c63042e047cb6a3e6ed1a63a35087b6a609aa3a15ed8ac56c221/colorama-0.4.6-py2.py3-none-any.whl", hash = "sha256:4f1d9991f5acc0ca119f9d443620b77f9d6b33703e51011c16baf57afb285fc6", size = 25335, upload-time = "2022-10-25T02:36:20.889Z" },
]

[[package]]
name = "iniconfig"
version = "2.3.0"
source = { registry = "https://pypi.org/simple" }
sdist = { url = "https://files.pythonhosted.org/packages/72/34/14ca021ce8e5dfedc35312d08ba8bf51fdd999c576889fc2c24cb97f4f10/iniconfig-2.3.0.tar.gz", hash = "sha256:c76315c77db068650d49c5b56314774a7804df16fee4402c1f19d6d15d8c4730", size = 20503, upload-time = "2025-10-18T21:55:43.219Z" }
wheels = [
    { url = "https://files.pythonhosted.org/packages/cb/b1/3846dd7f199d53cb17f49cba7e651e9ce294d8497c8c150530ed11865bb8/iniconfig-2.3.0-py3-none-any.whl", hash = "sha256:f631c04d2c48c52b84d0d0549c99ff3859c98df65b3101406327ecc7d53fbf12", size = 7484, upload-time = "2025-10-18T21:55:41.639Z" },
]

[[package]]
name = "packaging"
version = "26.2"
source = { registry = "https://pypi.org/simple" }
sdist = { url = "https://files.pythonhosted.org/packages/d7/f1/e7a6dd94a8d4a5626c03e4e99c87f241ba9e350cd9e6d75123f992427270/packaging-26.2.tar.gz", hash = "sha256:ff452ff5a3e828ce110190feff1178bb1f2ea2281fa2075aadb987c2fb221661", size = 228134, upload-time = "2026-04-24T20:15:23.917Z" }
wheels = [
    { url = "https://files.pythonhosted.org/packages/df/b2/87e62e8c3e2f4b32e5fe99e0b86d576da1312593b39f47d8ceef365e95ed/packaging-26.2-py3-none-any.whl", hash = "sha256:5fc45236b9446107ff2415ce77c807cee2862cb6fac22b8a73826d0693b0980e", size = 100195, upload-time = "2026-04-24T20:15:22.081Z" },
]

[[package]]
name = "pluggy"
version = "1.6.0"
source = { registry = "https://pypi.org/simple" }
sdist = { url = "https://files.pythonhosted.org/packages/f9/e2/3e91f31a7d2b083fe6ef3fa267035b518369d9511ffab804f839851d2779/pluggy-1.6.0.tar.gz", hash = "sha256:7dcc130b76258d33b90f61b658791dede3486c3e6bfb003ee5c9bfb396dd22f3", size = 69412, upload-time = "2025-05-15T12:30:07.975Z" }
wheels = [
    { url = "https://files.pythonhosted.org/packages/54/20/4d324d65cc6d9205fabedc306948156824eb9f0ee1633355a8f7ec5c66bf/pluggy-1.6.0-py3-none-any.whl", hash = "sha256:e920276dd6813095e9377c0bc5566d94c932c33b27a3e3945d8389c374dd4746", size = 20538, upload-time = "2025-05-15T12:30:06.134Z" },
]

[[package]]
name = "pygments"
version = "2.20.0"
source = { registry = "https://pypi.org/simple" }
sdist = { url = "https://files.pythonhosted.org/packages/c3/b2/bc9c9196916376152d655522fdcebac55e66de6603a76a02bca1b6414f6c/pygments-2.20.0.tar.gz", hash = "sha256:6757cd03768053ff99f3039c1a36d6c0aa0b263438fcab17520b30a303a82b5f", size = 4955991, upload-time = "2026-03-29T13:29:33.898Z" }
wheels = [
    { url = "https://files.pythonhosted.org/packages/f4/7e/a72dd26f3b0f4f2bf1dd8923c85f7ceb43172af56d63c7383eb62b332364/pygments-2.20.0-py3-none-any.whl", hash = "sha256:81a9e26dd42fd28a23a2d169d86d7ac03b46e2f8b59ed4698fb4785f946d0176", size = 1231151, upload-time = "2026-03-29T13:29:30.038Z" },
]

[[package]]
name = "pytest"
version = "9.0.3"
source = { registry = "https://pypi.org/simple" }
dependencies = [
    { name = "colorama", marker = "sys_platform == 'win32'" },
    { name = "iniconfig" },
    { name = "packaging" },
    { name = "pluggy" },
    { name = "pygments" },
]
sdist = { url = "https://files.pythonhosted.org/packages/7d/0d/549bd94f1a0a402dc8cf64563a117c0f3765662e2e668477624baeec44d5/pytest-9.0.3.tar.gz", hash = "sha256:b86ada508af81d19edeb213c681b1d48246c1a91d304c6c81a427674c17eb91c", size = 1572165, upload-time = "2026-04-07T17:16:18.027Z" }
wheels = [
    { url = "https://files.pythonhosted.org/packages/d4/24/a372aaf5c9b7208e7112038812994107bc65a84cd00e0354a88c2c77a617/pytest-9.0.3-py3-none-any.whl", hash = "sha256:2c5efc453d45394fdd706ade797c0a81091eccd1d6e4bccfcd476e2b8e0ab5d9", size = 375249, upload-time = "2026-04-07T17:16:16.13Z" },
]

[[package]]
name = "sgp4"
version = "2.25"
source = { registry = "https://pypi.org/simple" }
sdist = { url = "https://files.pythonhosted.org/packages/6e/d0/fc467010d17742321f73b16a71acac88439a88f2b166641942a6566c9b2a/sgp4-2.25.tar.gz", hash = "sha256:e19edc6dcc25d69fb8fde0a267b8f0c44d7e915c7bcbeacf5d3a8b595baf0674", size = 181016, upload-time = "2025-08-04T18:02:33.765Z" }
wheels = [
    { url = "https://files.pythonhosted.org/packages/03/1c/388f1b70a637e3bee179fae1031dcdd8ce09bd040bbbe80fcba20a2e2b86/sgp4-2.25-cp311-cp311-macosx_10_9_x86_64.whl", hash = "sha256:93b22b9ae35db33664f2ddc37955a8d86c3a28f5c668d201e8c6f195a184496f", size = 162964, upload-time = "2025-08-04T18:01:47.866Z" },
    { url = "https://files.pythonhosted.org/packages/47/42/7f27ceca4730d2af31b20928b1c0f1f924cd942c2709d11fc52d9e02f48e/sgp4-2.25-cp311-cp311-macosx_11_0_arm64.whl", hash = "sha256:33048ff064a4c0b6d8e3c2c79449a49ff45f5dabe8594622f0fb7ed17fa27c0e", size = 161937, upload-time = "2025-08-04T18:01:48.951Z" },
    { url = "https://files.pythonhosted.org/packages/d5/9f/99b1587bd3e6c17405efbd9e48603ae194c9d53938e1f8946c6c5d18c33f/sgp4-2.25-cp311-cp311-manylinux_2_17_aarch64.manylinux2014_aarch64.whl", hash = "sha256:ac94f1d6fae120beeb40f2af587b351f9cb198837ae0fb3678e3bce44334a2a2", size = 235730, upload-time = "2025-08-04T18:01:49.905Z" },
    { url = "https://files.pythonhosted.org/packages/4f/5a/76f56a0466c3a916403b320363a0f10e71db5a34d2b3627d6a92d2eb9d08/sgp4-2.25-cp311-cp311-manylinux_2_5_i686.manylinux1_i686.manylinux_2_17_i686.manylinux2014_i686.whl", hash = "sha256:1b164e636c4f1c64e09c6164b85985395c28c8556bc72ea56e42a889826287a0", size = 232736, upload-time = "2025-08-04T18:01:50.973Z" },
    { url = "https://files.pythonhosted.org/packages/16/f8/c1216d3c85341e30d79c9ca27b2c27dba6ed0238c56e8b04ef568ea92c50/sgp4-2.25-cp311-cp311-manylinux_2_5_x86_64.manylinux1_x86_64.manylinux_2_17_x86_64.manylinux2014_x86_64.whl", hash = "sha256:bfaddc20c4d6aa2e86119d13e3fd94a1d05e5bd17cb4fddb2ca5116842bc9228", size = 235203, upload-time = "2025-08-04T18:01:52.275Z" },
    { url = "https://files.pythonhosted.org/packages/52/c6/846a8039a0e8c5b653265e0248ee9836c75f420cfe99a65215a23f035595/sgp4-2.25-cp311-cp311-win32.whl", hash = "sha256:0ecd7d8833f83fe426d7926149665f4f23f4dab34b844e50876a1df88ee9aa7b", size = 161868, upload-time = "2025-08-04T18:01:53.256Z" },
    { url = "https://files.pythonhosted.org/packages/f9/ff/a74904468464d01dd52affb4b15ee1fe5ea804e5128a3f5f5f38c954765d/sgp4-2.25-cp311-cp311-win_amd64.whl", hash = "sha256:6b023f81fb20e62f8fa0b6f506201539ca8306779ef8565422bbf000f1e5a3dc", size = 164096, upload-time = "2025-08-04T18:01:54.264Z" },
    { url = "https://files.pythonhosted.org/packages/0a/71/864524bde46a02e636cc5de47b9a4e1f1ed18c7acc3f1319cf9fe1db3c7a/sgp4-2.25-cp312-cp312-macosx_10_13_x86_64.whl", hash = "sha256:170ec2882cd166ff9d8dccfb8018f86d5cc033ea8a07c27a1825999c62439f05", size = 162985, upload-time = "2025-08-04T18:01:55.646Z" },
    { url = "https://files.pythonhosted.org/packages/e3/cd/022aa419d9570d494dafd5103a71dda64c6ffc956a1c7f5b096a58a23a6a/sgp4-2.25-cp312-cp312-macosx_11_0_arm64.whl", hash = "sha256:64c7597a60b770caac51566b1f621d1cd74df0409ef19c5e7ea3505d0dfbc677", size = 161951, upload-time = "2025-08-04T18:01:56.745Z" },
    { url = "https://files.pythonhosted.org/packages/3a/1c/76dbf2190d30a770fe8ac57474d212e005f56f47e65dd6fcecdb546d454f/sgp4-2.25-cp312-cp312-manylinux_2_17_aarch64.manylinux2014_aarch64.whl", hash = "sha256:0e1d18b8972643dd29e758e67c062cfb68fbe2421fe3f6398f1957a9825119f6", size = 236340, upload-time = "2025-08-04T18:01:57.778Z" },
    { url = "https://files.pythonhosted.org/packages/97/a4/2fc9bf9cb75571222bd453407317e91193a3db1c559333c5e46ce7a014c9/sgp4-2.25-cp312-cp312-manylinux_2_5_i686.manylinux1_i686.manylinux_2_17_i686.manylinux2014_i686.whl", hash = "sha256:35649388a06cbee7def24cbb789f452c31d42ed9e87bddd89935ed78f19451ed", size = 233080, upload-time = "2025-08-04T18:01:58.812Z" },
    { url = "https://files.pythonhosted.org/packages/fc/40/50ecdc518edd3a85ad74bda7a2196b53d5901256e3d7ab34225c96e8edc8/sgp4-2.25-cp312-cp312-manylinux_2_5_x86_64.manylinux1_x86_64.manylinux_2_17_x86_64.manylinux2014_x86_64.whl", hash = "sha256:911460477f1c52dcda2b3eb20538435b89b0a43668bcb5edd1e7700b7a1a0225", size = 235729, upload-time = "2025-08-04T18:01:59.83Z" },
    { url = "https://files.pythonhosted.org/packages/1b/dd/c1ee8571828debfd3e0f2297379a2a2af75024062c70cf76bdc121e77623/sgp4-2.25-cp312-cp312-win32.whl", hash = "sha256:128edd3d6061e833600d93e77d4c08d1a5002293997e368256b0b777ea525dda", size = 161899, upload-time = "2025-08-04T18:02:00.882Z" },
    { url = "https://files.pythonhosted.org/packages/c8/f8/7dae15af520dfe5def1f8620c2817203cbbf1a1bf154b2079add1200acd3/sgp4-2.25-cp312-cp312-win_amd64.whl", hash = "sha256:979eb60e74aff5dc318cfe1a6c817db884486bdfc8496d2c5bc07b05fe833280", size = 164137, upload-time = "2025-08-04T18:02:01.817Z" },
    { url = "https://files.pythonhosted.org/packages/02/0f/daf4a70829be7c1550b914c98b3abbd15404d00899835432ae8d4a9be502/sgp4-2.25-cp313-cp313-macosx_10_13_x86_64.whl", hash = "sha256:c4d4eab0f2c94aad3a0ab0bedd59f2137484af5480a3b40df8e4ab5a1fbc6b86", size = 162974, upload-time = "2025-08-04T18:02:02.816Z" },
    { url = "https://files.pythonhosted.org/packages/27/88/af20e342590c3ede18cc8dc6a1e1da708f576e1a97dcb69e2870e739ae21/sgp4-2.25-cp313-cp313-macosx_11_0_arm64.whl", hash = "sha256:2822ca25f3724694bfced16cad8b3018678bee47fa3baf4eea20876d0e35ad33", size = 161957, upload-time = "2025-08-04T18:02:03.835Z" },
    { url = "https://files.pythonhosted.org/packages/6e/14/81f0df0cc39bdc95336a6f5834c84a6e5f79b5e728918cb9dadff3278017/sgp4-2.25-cp313-cp313-manylinux_2_17_aarch64.manylinux2014_aarch64.whl", hash = "sha256:7beca36492eb6d20ef15eeedd9520b8af4fa0cbaaae46a9269d5a2e7c8e56e46", size = 236195, upload-time = "2025-08-04T18:02:05.121Z" },
    { url = "https://files.pythonhosted.org/packages/a3/a7/3740791f656d9b7ad78da7c0d9f6f842a18642fead2d26b2d69fb701892e/sgp4-2.25-cp313-cp313-manylinux_2_5_i686.manylinux1_i686.manylinux_2_17_i686.manylinux2014_i686.whl", hash = "sha256:8e9dfd18cacf6bfb1faad29c89a6cec98a642558f805851080dea9c394520db2", size = 232992, upload-time = "2025-08-04T18:02:06.086Z" },
    { url = "https://files.pythonhosted.org/packages/62/45/0e35398ef8d4b07ecfa9f7f680e183b2b6af9215a56af34f9e621c29b495/sgp4-2.25-cp313-cp313-manylinux_2_5_x86_64.manylinux1_x86_64.manylinux_2_17_x86_64.manylinux2014_x86_64.whl", hash = "sha256:5789b7add136362684dfcbf0862919f8c3018f74ab11a05a9964edd5fdd4d2a7", size = 235584, upload-time = "2025-08-04T18:02:07.152Z" },
    { url = "https://files.pythonhosted.org/packages/47/b7/1b680b5514586b3860500109ef37fd1761f21e6787f20a2597baa44d91a0/sgp4-2.25-cp313-cp313-win32.whl", hash = "sha256:94219b486def29aa1246f42de8bea05ccb8e98a5458dd08ce42b9811c79ca814", size = 161896, upload-time = "2025-08-04T18:02:08.062Z" },
    { url = "https://files.pythonhosted.org/packages/67/c1/a22be2e7886db40d1512969f3b8cc3ce989167e69ea8f308f26afd1dfd31/sgp4-2.25-cp313-cp313-win_amd64.whl", hash = "sha256:dec2f6c842d9bf40c67d5764bd752980844f91f338020d2af7f85847364d0ff7", size = 164142, upload-time = "2025-08-04T18:02:09Z" },
    { url = "https://files.pythonhosted.org/packages/3a/47/8231e3d4a88341316ec8d0eb98d3a8a972477d8b038555259522735a8371/sgp4-2.25-py3-none-any.whl", hash = "sha256:4f39ecf6c2663109fed04adfe9982815ac83893271b521d92d5b186820f8c78e", size = 137376, upload-time = "2026-04-27T18:29:23.71Z" },
]

[[package]]
name = "tlekit"
version = "0.1.0"
source = { editable = "." }

[package.dev-dependencies]
dev = [
    { name = "pytest" },
    { name = "sgp4" },
]

[package.metadata]

[package.metadata.requires-dev]
dev = [
    { name = "pytest", specifier = ">=8.0" },
    { name = "sgp4", specifier = ">=2.23" },
]
