version = 1
revision = 3
requires-python = ">=3.14"

[[package]]
name = "colorama"
version = "0.4.6"
source = { registry = "https://pypi.org/simple" }
sdist = { url = "https://files.pythonhosted.org/packages/d8/53/6f443c9a4a8358a93a6792e2acffb9d9d5cb0a5cfd8802644b7b1c9a02e4/colorama-0.4.6.tar.gz", hash = "sha256:08695f5cb7ed6e0531a20572697297273c47b8cae5a63ffc6d6ed5c201be6e44", size = 27697, upload-time = "2022-10-25T02:36:22.414Z" }
wheels = [
    { url = "https://files.pythonhosted.org/packages/d1/d6/3965ed04c63042e047cb6a3e6ed1a63a35087b6a609aa3a15ed8ac56c221/colorama-0.4.6-py2.py3-none-any.whl", hash = "sha256:4f1d9991f5acc0ca119f9d443620b77f9d6b33703e51011c16baf57afb285fc6", size = 25335, upload-time = "2022-10-25T02:36:20.889Z" },
]

[[package]]
name = "coverage"
version = "7.14.1"
source = { registry = "https://pypi.org/simple" }
sdist = { url = "https://files.pythonhosted.org/packages/54/fd/0ab2772530e946e1be1abd0bc09e647ec9b02e88f0867857601fefca8953/coverage-7.14.1.tar.gz", hash = "sha256:30c08f7d90415aa98b3c990385dea2939b0da55f38515e5b369b83655f8523be", size = 920132, upload-time = "2026-05-26T20:41:36.783Z" }
wheels = [
    { url = "https://files.pythonhosted.org/packages/d6/34/fc2f101b151af3799a101f0550b0454aa008afdc0add677394ec4aa8ea10/coverage-7.14.1-cp314-cp314-macosx_10_15_x86_64.whl", hash = "sha256:d5ed429d0b8edaac649e889b4ffcedb6c80b06629a3f93050e3dddfb99235bee", size = 220091, upload-time = "2026-05-26T20:40:27.249Z" },
    { url = "https://files.pythonhosted.org/packages/3d/a7/1ebae2ab5b961b5c79bb09fe7b3ac99edb190d8be4a8c510b2cf66f46468/coverage-7.14.1-cp314-cp314-macosx_11_0_arm64.whl", hash = "sha256:8011224a62280e50dab346960c03cf47aca1a1e09e608c0fb33fd6e0cc8e9500", size = 220421, upload-time = "2026-05-26T20:40:30.084Z" },
    { url = "https://files.pythonhosted.org/packages/5e/90/92aca9cf0acc95123c96cd1eb1f08917897a7f5dee01e15738922971ec31/coverage-7.14.1-cp314-cp314-manylinux1_i686.manylinux_2_28_i686.manylinux_2_5_i686.whl", hash = "sha256:12c42ec1e14f553c4f817e989365982e646e27211f10a0f717855b94a79c8906", size = 251466, upload-time = "2026-05-26T20:40:32.542Z" },
    { url = "https://files.pythonhosted.org/packages/26/2b/78048cbe3b999f6cbf9cc0d90abba6a88a3e0863a8c1c6cbc762f3f8802f/coverage-7.14.1-cp314-cp314-manylinux1_x86_64.manylinux_2_28_x86_64.manylinux_2_5_x86_64.whl", hash = "sha256:06144cd511cf2624873a035c5069cf297144f6e77a73ee3d7a55b605ec5efb42", size = 253973, upload-time = "2026-05-26T20:40:34.473Z" },
    { url = "https://files.pythonhosted.org/packages/8e/21/c2e33b29d1cfde484a19d437afc343c6cd30b08d78cbbf9f5aff14e57b2b/coverage-7.14.1-cp314-cp314-manylinux2014_aarch64.manylinux_2_17_aarch64.manylinux_2_28_aarch64.whl", hash = "sha256:a311d8e1da24be5c1ccf85cbfb06315dbaa1703d5a1eab3f6432c72b837917c8", size = 255318, upload-time = "2026-05-26T20:40:38.154Z" },
    { url = "https://files.pythonhosted.org/packages/8e/ee/aad2f108d63b769121005302f16bf66db8625c88ceaba466942e09a2607e/coverage-7.14.1-cp314-cp314-manylinux2014_ppc64le.manylinux_2_17_ppc64le.manylinux_2_28_ppc64le.whl", hash = "sha256:c79cead5b5bc584d9c71451cb984d0e3a84e0c0937379c8efcbf27c8d661b851", size = 257633, upload-time = "2026-05-26T20:40:40.164Z" },
    { url = "https://files.pythonhosted.org/packages/c2/f8/11a2c29b4fd76d9849f81d0bb812ec0017a9396df3217214e38934a8c837/coverage-7.14.1-cp314-cp314-manylinux_2_31_riscv64.manylinux_2_39_riscv64.whl", hash = "sha256:dcbf65f1f66a26cdd88c35cf68fb4729c5d1cd2e88added72420541dfb212034", size = 251488, upload-time = "2026-05-26T20:40:42.631Z" },
    { url = "https://files.pythonhosted.org/packages/c9/b8/9a5820de4b8ac2b71d85e3b5fb49108d7469c665f0e2ad0dd7569023e305/coverage-7.14.1-cp314-cp314-musllinux_1_2_aarch64.whl", hash = "sha256:fd86572566fb40189a8260446158235159bc7a82dfbc87a3b39cf4fb57fcec1c", size = 253329, upload-time = "2026-05-26T20:40:45.208Z" },
    { url = "https://files.pythonhosted.org/packages/6b/ff/f33e4823667e27548e8fd8df44217515303f9808d0ff29817db56f87d990/coverage-7.14.1-cp314-cp314-musllinux_1_2_i686.whl", hash = "sha256:7771b601718fdde84832c3a434ca9bbf4ae9adbc49d84198b4110700c3c77c36", size = 251291, upload-time = "2026-05-26T20:40:47.502Z" },
    { url = "https://files.pythonhosted.org/packages/68/9b/489db0ebb209054766b90a9014a45f6d26eb724c02ec21311c3733b5a644/coverage-7.14.1-cp314-cp314-musllinux_1_2_ppc64le.whl", hash = "sha256:39b21e212c55af06fa375e3dbf90a8a8e38792f3a910c580066d23563830ddd5", size = 255564, upload-time = "2026-05-26T20:40:49.372Z" },
    { url = "https://files.pythonhosted.org/packages/27/b5/16bc2d4c2409b23c7737edb68c83bc89e345f378050549fe1d75ac7d34d5/coverage-7.14.1-cp314-cp314-musllinux_1_2_riscv64.whl", hash = "sha256:f2302660e32562a532b442480121aef8aa61a5bdb20b30bf0adab29f10a5a4b4", size = 251107, upload-time = "2026-05-26T20:40:51.677Z" },
    { url = "https://files.pythonhosted.org/packages/7d/0c/2629997469a00cd069d588a41c9dc887610f2775ae89d250c4791e65272a/coverage-7.14.1-cp314-cp314-musllinux_1_2_x86_64.whl", hash = "sha256:03a6f93c1ec3b7f2e77b5dbcc5573a2c21f12529a5c6bbe0f16f72303cc2fa4d", size = 252764, upload-time = "2026-05-26T20:40:54.267Z" },
    { url = "https://files.pythonhosted.org/packages/d2/ee/f78d63c8f079e0d7211c7e2401fa17e311514534ba61bae03e4b287ce4ab/coverage-7.14.1-cp314-cp314-win32.whl", hash = "sha256:8a3ce026d73290f42f08dafecbd82c193a74df280461fbf97300fec51fd133ee", size = 222837, upload-time = "2026-05-26T20:40:56.496Z" },
    { url = "https://files.pythonhosted.org/packages/dc/b9/be539854f93a70dfbeec69117f33ec70dc42ff0b65b5b07ab8d40d04228e/coverage-7.14.1-cp314-cp314-win_amd64.whl", hash = "sha256:114c95ef29302423b87d159075805f4ab973254a2638a5d7d046c94887cc87d7", size = 223650, upload-time = "2026-05-26T20:40:58.351Z" },
    { url = "https://files.pythonhosted.org/packages/fe/9e/24e2842fef40f35ac82ba3a7719c8023d011bf3bf652d0675316a9d088a1/coverage-7.14.1-cp314-cp314-win_arm64.whl", hash = "sha256:a07891c3f4805442b31b71e84ba3cf29ed1aa9a428284e06deeb4b23e5b46343", size = 222218, upload-time = "2026-05-26T20:41:00.321Z" },
    { url = "https://files.pythonhosted.org/packages/0a/1d/ac0a9df5fe31c1e8bdd658074905fc12844a05c1a7e3fdb8417e97c31e23/coverage-7.14.1-cp314-cp314t-macosx_10_15_x86_64.whl", hash = "sha256:1101a5ebb083aecb625ebb6209d4105b58f647b093cb2dc8122d7b33f743cfe1", size = 220822, upload-time = "2026-05-26T20:41:02.281Z" },
    { url = "https://files.pythonhosted.org/packages/32/cf/f964fd9aff20323f9f1a726c97135f8a76bcd87b92dad141a456a43f3c64/coverage-7.14.1-cp314-cp314t-macosx_11_0_arm64.whl", hash = "sha256:851b9e1e4e8a4608e77c79714b2e77c0970d2ed7202a05e92ae407817481887b", size = 221084, upload-time = "2026-05-26T20:41:04.593Z" },
    { url = "https://files.pythonhosted.org/packages/d8/5e/7e5ef2aba844de2b80d678619fcf0841b42e3f37f16411226f3fe4c1016f/coverage-7.14.1-cp314-cp314t-manylinux1_i686.manylinux_2_28_i686.manylinux_2_5_i686.whl", hash = "sha256:d5b89cdfb2ee051b71e8c3c70bd81a9eff81100f736a269136fe1a68efe00474", size = 262454, upload-time = "2026-05-26T20:41:06.641Z" },
    { url = "https://files.pythonhosted.org/packages/64/62/75809bded87015cc4935524218a2a8ed8dd1a8498bfed30a2f4f7a4b4d34/coverage-7.14.1-cp314-cp314t-manylinux1_x86_64.manylinux_2_28_x86_64.manylinux_2_5_x86_64.whl", hash = "sha256:0177614a0370f227888b4e436a7c55686d6a9f90eb1ade2b624ba685a1686e86", size = 264578, upload-time = "2026-05-26T20:41:08.556Z" },
    { url = "https://files.pythonhosted.org/packages/f3/42/d33392dc14633525012d2d504fa1a33b05538bf535f5c1d64675e5754b78/coverage-7.14.1-cp314-cp314t-manylinux2014_aarch64.manylinux_2_17_aarch64.manylinux_2_28_aarch64.whl", hash = "sha256:2d69af5dea2de76fc485a83032a630523f985198b7e25be901ec60181587b01e", size = 266981, upload-time = "2026-05-26T20:41:10.824Z" },
    { url = "https://files.pythonhosted.org/packages/2a/49/0157c4428c2aca7f1e09d5565930586fd5ae36f1655f08b0daa7cf1fcae1/coverage-7.14.1-cp314-cp314t-manylinux2014_ppc64le.manylinux_2_17_ppc64le.manylinux_2_28_ppc64le.whl", hash = "sha256:35ab22d91de736e8966b980dc355cbcdd2c6dbbcfe275f9a2991bc8a91b3df65", size = 268112, upload-time = "2026-05-26T20:41:12.966Z" },
    { url = "https://files.pythonhosted.org/packages/96/26/86b9ce71f4092b1ed325ce1421698081df1286b833400b6836912834d6e0/coverage-7.14.1-cp314-cp314t-manylinux_2_31_riscv64.manylinux_2_39_riscv64.whl", hash = "sha256:357d4e32935c36588aaba057d734fa32428c360c9fc2e4442afbf1b646beee6e", size = 261558, upload-time = "2026-05-26T20:41:15Z" },
    { url = "https://files.pythonhosted.org/packages/20/4c/c311210c5472cf5401d8422b0d7812cdd520f24417673afabda6c323faca/coverage-7.14.1-cp314-cp314t-musllinux_1_2_aarch64.whl", hash = "sha256:51bd64741cc6fa065abd300ede1afe5a5291ece9c31da8b24884deda48bcc3f8", size = 264447, upload-time = "2026-05-26T20:41:17.369Z" },
    { url = "https://files.pythonhosted.org/packages/fb/71/59513f8710ed3e6b0ac0a050a5b7e977bb9c9e880354863b5d00d8809256/coverage-7.14.1-cp314-cp314t-musllinux_1_2_i686.whl", hash = "sha256:9132cd363a68a4c3daa7c8704a654b1e39d3360f6f5b8ddd470608a945236c07", size = 262048, upload-time = "2026-05-26T20:41:19.309Z" },
    { url = "https://files.pythonhosted.org/packages/84/8d/bceed32dc494f5bbf50f775cd2e78ca814953942b5ea28d3c1c3ac316f14/coverage-7.14.1-cp314-cp314t-musllinux_1_2_ppc64le.whl", hash = "sha256:07c6290b1697b862c0478eab545eec949a0d0e4d6d03497f446d706da3b4f2de", size = 265781, upload-time = "2026-05-26T20:41:21.559Z" },
    { url = "https://files.pythonhosted.org/packages/e7/c5/9348fe40dbfd4991aaf78df2c6c3098bfb2cc834d1fd362a64b4efef855a/coverage-7.14.1-cp314-cp314t-musllinux_1_2_riscv64.whl", hash = "sha256:5ea0c297e27133853b4d8a3eb799bff5a2dbd9f2f41537a240d337ac9b4df890", size = 260896, upload-time = "2026-05-26T20:41:23.428Z" },
    { url = "https://files.pythonhosted.org/packages/ca/92/1ea0f03929da7cf87206b1fa24f4c8e9c158be0455481af29ec0a1f3503f/coverage-7.14.1-cp314-cp314t-musllinux_1_2_x86_64.whl", hash = "sha256:01b7733daad0237daa01ef80fe2dfceffc911e6a17fa7b55d14aa8214eaaaecd", size = 263214, upload-time = "2026-05-26T20:41:25.419Z" },
    { url = "https://files.pythonhosted.org/packages/f6/a9/b2493c054c0e01a643266742ab45e15744e60743f9260cd930c7142b1124/coverage-7.14.1-cp314-cp314t-win32.whl", hash = "sha256:6adc5a36984624a70bf11d7184e20fa0a49aa7c47ffab43804106a1a695ea22e", size = 223624, upload-time = "2026-05-26T20:41:27.795Z" },
    { url = "https://files.pythonhosted.org/packages/fc/bd/3e1e6a57fccd2d7c83fcdf338e93ba98eb85c6e877dd34731ac585375490/coverage-7.14.1-cp314-cp314t-win_amd64.whl", hash = "sha256:ddf799247318f34dbcd2efa8c95a8d0642674e926bb1774cf9b63dfd2a389d1c", size = 224728, upload-time = "2026-05-26T20:41:30.098Z" },
    { url = "https://files.pythonhosted.org/packages/bb/d7/31066cf1d2f0c6c797fce911bcfa01dd35642dc6da992a950256097c5860/coverage-7.14.1-cp314-cp314t-win_arm64.whl", hash = "sha256:145986fe66647eb489f18d9a997567a3fd358584c4b5a808769113abc07466af", size = 222752, upload-time = "2026-05-26T20:41:32.123Z" },
    { url = "https://files.pythonhosted.org/packages/8a/3c/1a983b9a745d7f83d53f057bcc5bf79ba6a2bbc08266b3f0c7d6fe630c9b/coverage-7.14.1-py3-none-any.whl", hash = "sha256:a252f21c27e38347e60111a3266b03827422a7d5525951aceee313aa68bab1d2", size = 211815, upload-time = "2026-05-26T20:41:34.078Z" },
]

[[package]]
name = "execnet"
version = "2.1.2"
source = { registry = "https://pypi.org/simple" }
sdist = { url = "https://files.pythonhosted.org/packages/bf/89/780e11f9588d9e7128a3f87788354c7946a9cbb1401ad38a48c4db9a4f07/execnet-2.1.2.tar.gz", hash = "sha256:63d83bfdd9a23e35b9c6a3261412324f964c2ec8dcd8d3c6916ee9373e0befcd", size = 166622, upload-time = "2025-11-12T09:56:37.75Z" }
wheels = [
    { url = "https://files.pythonhosted.org/packages/ab/84/02fc1827e8cdded4aa65baef11296a9bbe595c474f0d6d758af082d849fd/execnet-2.1.2-py3-none-any.whl", hash = "sha256:67fba928dd5a544b783f6056f449e5e3931a5c378b128bc18501f7ea79e296ec", size = 40708, upload-time = "2025-11-12T09:56:36.333Z" },
]

[[package]]
name = "humanize"
version = "4.16.0"
source = { registry = "https://pypi.org/simple" }
sdist = { url = "https://files.pythonhosted.org/packages/0a/ea/13a1ef3c12d12662905801495283530251918b70d62d368f1d2e0272c70d/humanize-4.16.0.tar.gz", hash = "sha256:7dc2244a2f84a4bfb1d36c37bac80cd78e35cdc5c119206d87b018e1445f3a3f", size = 89515, upload-time = "2026-06-30T16:17:29.859Z" }
wheels = [
    { url = "https://files.pythonhosted.org/packages/b0/aa/0b7365d30fed43e7a3449aba1fe20a0a7174d9cf13e282af4e69ac825441/humanize-4.16.0-py3-none-any.whl", hash = "sha256:353eb2f34c09d098b2880eee8bef21832eae6d174f48c5762fff7e5fcb74d01d", size = 137209, upload-time = "2026-06-30T16:17:28.36Z" },
]

[[package]]
name = "hypothesis"
version = "6.164.0"
source = { registry = "https://pypi.org/simple" }
dependencies = [
    { name = "sortedcontainers" },
]
sdist = { url = "https://files.pythonhosted.org/packages/7a/ac/7b76103bd74d8457e4de0c6a6c3a26ac6327016438bde125e0a3de83a5b8/hypothesis-6.164.0.tar.gz", hash = "sha256:5d63d263d8c71b571638c18d9591f6e34b836c60a12469e9d9105c1c785f00f1", size = 492022, upload-time = "2026-07-30T12:39:49.085Z" }
wheels = [
    { url = "https://files.pythonhosted.org/packages/7c/fe/d5b75a55892b33e72945f82efc71f645d29c0bfdb9f00727f7535a52edcc/hypothesis-6.164.0-cp310-abi3-macosx_10_12_x86_64.whl", hash = "sha256:14b861ac3353f8643b82a3ba76b8a0a54d2a06160c32b9a1f64a8ab41b179089", size = 771561, upload-time = "2026-07-30T12:39:00.404Z" },
    { url = "https://files.pythonhosted.org/packages/1c/b0/2f01e9efc7267446bad0e2a68f7472daa174a72553d213b16aefe44b2bda/hypothesis-6.164.0-cp310-abi3-macosx_11_0_arm64.whl", hash = "sha256:3d8c8bb00a4b86ae90b9ad41f3e1c99d016ec3e64c0ff9d676a4bb7be4f56948", size = 767079, upload-time = "2026-07-30T12:39:23.123Z" },
    { url = "https://files.pythonhosted.org/packages/c3/26/d7bcd26b58e1df2bd39116b924b2a72676215d9650e68cbff9a629c3ce30/hypothesis-6.164.0-cp310-abi3-manylinux_2_17_aarch64.manylinux2014_aarch64.whl", hash = "sha256:e80e3ba8eaf37664eaa0f2625cef120b330b128a7df570210cf8be4f5ae65aaa", size = 1096364, upload-time = "2026-07-30T12:38:49.972Z" },
    { url = "https://files.pythonhosted.org/packages/9d/17/99fe7ea866935da83444c3ef7885a14fc7349d96ff61c6faebd37ef4edf2/hypothesis-6.164.0-cp310-abi3-manylinux_2_17_armv7l.manylinux2014_armv7l.whl", hash = "sha256:8cdf70f821e2d2f3a0bccaab29830aea8aefb63a77806e7e91246fb65a10c8d3", size = 1124963, upload-time = "2026-07-30T12:39:13.1Z" },
    { url = "https://files.pythonhosted.org/packages/38/e8/df08be6296cbc1271d44e81f8ff9dcd6267a07552fb768e0fdc166e93d40/hypothesis-6.164.0-cp310-abi3-manylinux_2_17_x86_64.manylinux2014_x86_64.whl", hash = "sha256:bcc3743e22b3cffa7267b4bc74d03628606e4a115495728e986a7be220987315", size = 1145886, upload-time = "2026-07-30T12:39:45.612Z" },
    { url = "https://files.pythonhosted.org/packages/4e/72/d5cf6fbfac40891d4281f630e16a6eb217ff56f97e350a06e0fd9322aa6a/hypothesis-6.164.0-cp310-abi3-manylinux_2_31_riscv64.whl", hash = "sha256:730f09d4afcd8a918b3d589bfb6421e3b41c057aa57652a773ef4f512cc60836", size = 1101181, upload-time = "2026-07-30T12:39:05.194Z" },
    { url = "https://files.pythonhosted.org/packages/fb/ff/7ceb002329febffb678b65835ca6e9479a916325d088aadb0210d07f8252/hypothesis-6.164.0-cp310-abi3-manylinux_2_5_i686.manylinux1_i686.whl", hash = "sha256:9651cb48cb5a995295b442138d15d381547b935dcb0066fca7148a7955347400", size = 1137970, upload-time = "2026-07-30T12:39:16.076Z" },
    { url = "https://files.pythonhosted.org/packages/7c/8f/c12c697b73ca9ca24d8a913879e3e0a9db86479754c7221554247c701565/hypothesis-6.164.0-cp310-abi3-musllinux_1_2_aarch64.whl", hash = "sha256:51d161d2655dd86143b370c577267b5b7b4c2e8fcb8a3f22c1a787572aad707c", size = 1270184, upload-time = "2026-07-30T12:38:54.436Z" },
    { url = "https://files.pythonhosted.org/packages/0e/2f/93f1c850c794fc9c80f5e61b3b20652126b865e6f57b348ae530446aadc7/hypothesis-6.164.0-cp310-abi3-musllinux_1_2_armv7l.whl", hash = "sha256:e8a250552390128b57e3afe55035ce2c2cb1f6f0919817657854244f071bc5be", size = 1397987, upload-time = "2026-07-30T12:38:21.113Z" },
    { url = "https://files.pythonhosted.org/packages/c5/b8/bab2546325e15e87c8518dfbca263c81dbc35d566c516d66c9da98a38b77/hypothesis-6.164.0-cp310-abi3-musllinux_1_2_riscv64.whl", hash = "sha256:570cd51944e1cc3443847d8afa3d17fcf8aac475a1f744c9e7318a5ad7ef5c9f", size = 1270755, upload-time = "2026-07-30T12:38:51.571Z" },
    { url = "https://files.pythonhosted.org/packages/6a/4e/ea97dd39678a42dc5a24e3e2a64d3b950fad9fb1dcce8d7be5afb52a0335/hypothesis-6.164.0-cp310-abi3-musllinux_1_2_x86_64.whl", hash = "sha256:3a423e543055b3de5af7a7624c4285422541658367211fa293a3a57dd0ad01ba", size = 1312888, upload-time = "2026-07-30T12:38:30.847Z" },
    { url = "https://files.pythonhosted.org/packages/44/84/a6f2d5b12b23d65f16eb398750e430065f9d1f40f4418569e3b87ef58d23/hypothesis-6.164.0-cp310-abi3-win32.whl", hash = "sha256:f5e51490b2ce64c66138f24477d83c71b6224ab0ef65700da10187c464b54e94", size = 657401, upload-time = "2026-07-30T12:39:11.581Z" },
    { url = "https://files.pythonhosted.org/packages/f5/d3/c5ee410daa594cac2d3fe1fbe5473f2390e35f4369e168a817e43341ce2f/hypothesis-6.164.0-cp310-abi3-win_amd64.whl", hash = "sha256:c9059dfbb039342b6590bbce207f90e0f9a80fdf45a404c68c2d3e598be78ab3", size = 663566, upload-time = "2026-07-30T12:39:30.27Z" },
    { url = "https://files.pythonhosted.org/packages/c7/06/3c144d427799c7c72befb0bb3b199d419a89b96e1002fd8f0cc94c84ffb7/hypothesis-6.164.0-cp314-cp314-macosx_10_12_x86_64.whl", hash = "sha256:9110010bdf6deb3ba9134f8ce8b683e8bb0fba108a351045c96d60c410eb6963", size = 773254, upload-time = "2026-07-30T12:38:38.919Z" },
    { url = "https://files.pythonhosted.org/packages/74/2d/b61a10d9e70df04aa7e8f34efef8e4afe364e8995c59f894e1c35b428214/hypothesis-6.164.0-cp314-cp314-macosx_11_0_arm64.whl", hash = "sha256:4df103e5d32b47d574c6e857d45361e2cba5a198d6dae4e4ee1bd248b3a2cbfa", size = 764786, upload-time = "2026-07-30T12:38:24.464Z" },
    { url = "https://files.pythonhosted.org/packages/99/68/7f80ac7bdffe78686135311c919534be411d4565c2a5ba38fd389880c553/hypothesis-6.164.0-cp314-cp314-manylinux_2_17_aarch64.manylinux2014_aarch64.whl", hash = "sha256:4abec95020960c0ed08e5be318d2bcdde79f2c6fc7785e368a9389d31d3e802a", size = 1095578, upload-time = "2026-07-30T12:38:57.422Z" },
    { url = "https://files.pythonhosted.org/packages/45/f9/97dcbac776bcf33cb4241b52111527821f707b60a84d03d0ea670b09a134/hypothesis-6.164.0-cp314-cp314-manylinux_2_17_x86_64.manylinux2014_x86_64.whl", hash = "sha256:9b106756cc9abd50ab1632541ea7b7223792d877a084726aa0304237d758181e", size = 1145207, upload-time = "2026-07-30T12:38:23.387Z" },
    { url = "https://files.pythonhosted.org/packages/a4/df/68184b6f71540435c895cf35ad1d67a3634a887c597ab38d3372c0d20186/hypothesis-6.164.0-cp314-cp314-musllinux_1_2_aarch64.whl", hash = "sha256:11c4aab2ae6757fc4bc3bbf009487e24fd3490365817bbf40b9ec85a7e02fabb", size = 1268357, upload-time = "2026-07-30T12:38:52.946Z" },
    { url = "https://files.pythonhosted.org/packages/a0/76/6a6851dc8af89a5c0418937d38456417b2a1fc9db15c992b9cb43d53a7a3/hypothesis-6.164.0-cp314-cp314-musllinux_1_2_x86_64.whl", hash = "sha256:4713edecbc0969557ca135769a36d1e524c8e3b7a2b271de48d98fa29f681bf6", size = 1312183, upload-time = "2026-07-30T12:39:28.604Z" },
    { url = "https://files.pythonhosted.org/packages/2f/19/83adeb1f8f045bd8a1ab9822d0c3db28b337d37fff01d809fcd6e3ea70f8/hypothesis-6.164.0-cp314-cp314-pyemscripten_2026_0_wasm32.whl", hash = "sha256:e6882d316c390d33c55ec8f1675f35ab238d7c0473ccf8d235c69eaef6c621b9", size = 604771, upload-time = "2026-07-30T12:39:33.579Z" },
    { url = "https://files.pythonhosted.org/packages/0b/62/fcb48ebfbccdc5b695de175b9d1d344b3688782150f0603124bb70c0891b/hypothesis-6.164.0-cp314-cp314-win_amd64.whl", hash = "sha256:7c3357633b38bca8c927fd90d02b39a0a3f35f24cdbcfb2fb1dcf69a3f63bd85", size = 660570, upload-time = "2026-07-30T12:39:43.898Z" },
    { url = "https://files.pythonhosted.org/packages/42/61/5857da7db0435fa69df658a9eafba62eb8a1319454005ce2a0d97f6f9e4d/hypothesis-6.164.0-cp314-cp314t-macosx_10_12_x86_64.whl", hash = "sha256:53152cb549f52d661c47768d0d12a192ef26a7a9758a7f13b8ec41e8e63d6325", size = 771839, upload-time = "2026-07-30T12:38:26.842Z" },
    { url = "https://files.pythonhosted.org/packages/6c/9c/22292a9dab1c544362d1759244132c7d71a9d9d5eda5d454ec735fba6bd3/hypothesis-6.164.0-cp314-cp314t-macosx_11_0_arm64.whl", hash = "sha256:cee7898ad84b63da6506ae48483bb36f319a25ea4c2b1d2df47d021cc4080c24", size = 763363, upload-time = "2026-07-30T12:38:20.042Z" },
    { url = "https://files.pythonhosted.org/packages/e8/29/cc0c6e9a065a32f93fe52dde746232f007d2cabf619d4e7b1b37bd34c424/hypothesis-6.164.0-cp314-cp314t-manylinux_2_17_aarch64.manylinux2014_aarch64.whl", hash = "sha256:0def33f0d236e54144a5218997e4492925144d4615f25fdbb4ac8e47b7b709e6", size = 1094171, upload-time = "2026-07-30T12:39:35.158Z" },
    { url = "https://files.pythonhosted.org/packages/a7/59/37040d0776a29d4bc6d0ca9a50ca2755200007e4a8ddc27b010115b69c85/hypothesis-6.164.0-cp314-cp314t-manylinux_2_17_x86_64.manylinux2014_x86_64.whl", hash = "sha256:471fd80d70f2df606b1320276168bc2c6007a586124a1d81628264ccb9266f68", size = 1144089, upload-time = "2026-07-30T12:38:43.024Z" },
    { url = "https://files.pythonhosted.org/packages/fa/10/5235ed3c090a2f12fa15cc1d08e5a36cfa31bc0607c45199b0806e930ab4/hypothesis-6.164.0-cp314-cp314t-musllinux_1_2_aarch64.whl", hash = "sha256:2eb285756aee62890fd08d6e97cf77651dfe7c093ceac094df52120a7a8dbe68", size = 1266595, upload-time = "2026-07-30T12:39:36.979Z" },
    { url = "https://files.pythonhosted.org/packages/7f/97/ffc4cee4dfdffe658e839d5f4df72ae3fa7bfea9401550b475d9700e0ee2/hypothesis-6.164.0-cp314-cp314t-musllinux_1_2_x86_64.whl", hash = "sha256:7c5215b5568968c35c6e124e5a4a8068f80419d6171414ddf735b49e1df1ab59", size = 1310998, upload-time = "2026-07-30T12:38:45.788Z" },
    { url = "https://files.pythonhosted.org/packages/dd/08/681d4a272cd2812151581c3328e41a80a34e420d676e419a25b4b9dc2291/hypothesis-6.164.0-cp314-cp314t-win_amd64.whl", hash = "sha256:a845e59fae87bb47a6fb84e0d5adb5679b3b55042fc3f8791da91486103cfbf0", size = 660724, upload-time = "2026-07-30T12:38:40.341Z" },
]

[[package]]
name = "iniconfig"
version = "2.3.0"
source = { registry = "https://pypi.org/simple" }
sdist = { url = "https://files.pythonhosted.org/packages/72/34/14ca021ce8e5dfedc35312d08ba8bf51fdd999c576889fc2c24cb97f4f10/iniconfig-2.3.0.tar.gz", hash = "sha256:c76315c77db068650d49c5b56314774a7804df16fee4402c1f19d6d15d8c4730", size = 20503, upload-time = "2025-10-18T21:55:43.219Z" }
wheels = [
    { url = "https://files.pythonhosted.org/packages/cb/b1/3846dd7f199d53cb17f49cba7e651e9ce294d8497c8c150530ed11865bb8/iniconfig-2.3.0-py3-none-any.whl", hash = "sha256:f631c04d2c48c52b84d0d0549c99ff3859c98df65b3101406327ecc7d53fbf12", size = 7484, upload-time = "2025-10-18T21:55:41.639Z" },
]

[[package]]
name = "lintle"
version = "0.14.1"
source = { editable = "." }
dependencies = [
    { name = "humanize" },
    { name = "rich" },
    { name = "sgp4" },
]

[package.dev-dependencies]
dev = [
    { name = "hypothesis" },
    { name = "pytest" },
    { name = "pytest-cov" },
    { name = "pytest-xdist" },
    { name = "ruff" },
]

[package.metadata]
requires-dist = [
    { name = "humanize", specifier = ">=4,<5" },
    { name = "rich", specifier = ">=15,<16" },
    { name = "sgp4", specifier = ">=2.25,<3" },
]

[package.metadata.requires-dev]
dev = [
    { name = "hypothesis", specifier = ">=6,<7" },
    { name = "pytest", specifier = ">=9.0,<10" },
    { name = "pytest-cov", specifier = ">=7.1,<8" },
    { name = "pytest-xdist", specifier = ">=3,<4" },
    { name = "ruff", specifier = ">=0.15,<0.17" },
]

[[package]]
name = "markdown-it-py"
version = "4.2.0"
source = { registry = "https://pypi.org/simple" }
dependencies = [
    { name = "mdurl" },
]
sdist = { url = "https://files.pythonhosted.org/packages/06/ff/7841249c247aa650a76b9ee4bbaeae59370dc8bfd2f6c01f3630c35eb134/markdown_it_py-4.2.0.tar.gz", hash = "sha256:04a21681d6fbb623de53f6f364d352309d4094dd4194040a10fd51833e418d49", size = 82454, upload-time = "2026-05-07T12:08:28.36Z" }
wheels = [
    { url = "https://files.pythonhosted.org/packages/b3/81/4da04ced5a082363ecfa159c010d200ecbd959ae410c10c0264a38cac0f5/markdown_it_py-4.2.0-py3-none-any.whl", hash = "sha256:9f7ebbcd14fe59494226453aed97c1070d83f8d24b6fc3a3bcf9a38092641c4a", size = 91687, upload-time = "2026-05-07T12:08:27.182Z" },
]

[[package]]
name = "mdurl"
version = "0.1.2"
source = { registry = "https://pypi.org/simple" }
sdist = { url = "https://files.pythonhosted.org/packages/d6/54/cfe61301667036ec958cb99bd3efefba235e65cdeb9c84d24a8293ba1d90/mdurl-0.1.2.tar.gz", hash = "sha256:bb413d29f5eea38f31dd4754dd7377d4465116fb207585f97bf925588687c1ba", size = 8729, upload-time = "2022-08-14T12:40:10.846Z" }
wheels = [
    { url = "https://files.pythonhosted.org/packages/b3/38/89ba8ad64ae25be8de66a6d463314cf1eb366222074cfda9ee839c56a4b4/mdurl-0.1.2-py3-none-any.whl", hash = "sha256:84008a41e51615a49fc9966191ff91509e3c40b939176e643fd50a5c2196b8f8", size = 9979, upload-time = "2022-08-14T12:40:09.779Z" },
]

[[package]]
name = "packaging"
version = "26.2"
source = { registry = "https://pypi.org/simple" }
sdist = { url = "https://files.pythonhosted.org/packages/d7/f1/e7a6dd94a8d4a5626c03e4e99c87f241ba9e350cd9e6d75123f992427270/packaging-26.2.tar.gz", hash = "sha256:ff452ff5a3e828ce110190feff1178bb1f2ea2281fa2075aadb987c2fb221661", size = 228134, upload-time = "2026-04-24T20:15:23.917Z" }
wheels = [
    { url = "https://files.pythonhosted.org/packages/df/b2/87e62e8c3e2f4b32e5fe99e0b86d576da1312593b39f47d8ceef365e95ed/packaging-26.2-py3-none-any.whl", hash = "sha256:5fc45236b9446107ff2415ce77c807cee2862cb6fac22b8a73826d0693b0980e", size = 100195, upload-time = "2026-04-24T20:15:22.081Z" },
]

[[package]]
name = "pluggy"
version = "1.6.0"
source = { registry = "https://pypi.org/simple" }
sdist = { url = "https://files.pythonhosted.org/packages/f9/e2/3e91f31a7d2b083fe6ef3fa267035b518369d9511ffab804f839851d2779/pluggy-1.6.0.tar.gz", hash = "sha256:7dcc130b76258d33b90f61b658791dede3486c3e6bfb003ee5c9bfb396dd22f3", size = 69412, upload-time = "2025-05-15T12:30:07.975Z" }
wheels = [
    { url = "https://files.pythonhosted.org/packages/54/20/4d324d65cc6d9205fabedc306948156824eb9f0ee1633355a8f7ec5c66bf/pluggy-1.6.0-py3-none-any.whl", hash = "sha256:e920276dd6813095e9377c0bc5566d94c932c33b27a3e3945d8389c374dd4746", size = 20538, upload-time = "2025-05-15T12:30:06.134Z" },
]

[[package]]
name = "pygments"
version = "2.20.0"
source = { registry = "https://pypi.org/simple" }
sdist = { url = "https://files.pythonhosted.org/packages/c3/b2/bc9c9196916376152d655522fdcebac55e66de6603a76a02bca1b6414f6c/pygments-2.20.0.tar.gz", hash = "sha256:6757cd03768053ff99f3039c1a36d6c0aa0b263438fcab17520b30a303a82b5f", size = 4955991, upload-time = "2026-03-29T13:29:33.898Z" }
wheels = [
    { url = "https://files.pythonhosted.org/packages/f4/7e/a72dd26f3b0f4f2bf1dd8923c85f7ceb43172af56d63c7383eb62b332364/pygments-2.20.0-py3-none-any.whl", hash = "sha256:81a9e26dd42fd28a23a2d169d86d7ac03b46e2f8b59ed4698fb4785f946d0176", size = 1231151, upload-time = "2026-03-29T13:29:30.038Z" },
]

[[package]]
name = "pytest"
version = "9.1.1"
source = { registry = "https://pypi.org/simple" }
dependencies = [
    { name = "colorama", marker = "sys_platform == 'win32'" },
    { name = "iniconfig" },
    { name = "packaging" },
    { name = "pluggy" },
    { name = "pygments" },
]
sdist = { url = "https://files.pythonhosted.org/packages/e4/47/b9efed96c114afcfa3c9d3fe98a76a1d14c74a9e266d397cf6eb64be5e01/pytest-9.1.1.tar.gz", hash = "sha256:1088fbde8f2b49d95a549a195707afa7a76a3ce9bcadc26b6d71f0ffda5fe313", size = 1636369, upload-time = "2026-06-19T10:58:32.857Z" }
wheels = [
    { url = "https://files.pythonhosted.org/packages/24/25/1de2678b631f5a49215c6c96fff41ba892b0a34df68d6d80292b1b48aa7f/pytest-9.1.1-py3-none-any.whl", hash = "sha256:37a86b45efb9a47a61a36449063e8e18d0cab3161329fc099eb21783169c4f0c", size = 386536, upload-time = "2026-06-19T10:58:31.347Z" },
]

[[package]]
name = "pytest-cov"
version = "7.1.0"
source = { registry = "https://pypi.org/simple" }
dependencies = [
    { name = "coverage" },
    { name = "pluggy" },
    { name = "pytest" },
]
sdist = { url = "https://files.pythonhosted.org/packages/b1/51/a849f96e117386044471c8ec2bd6cfebacda285da9525c9106aeb28da671/pytest_cov-7.1.0.tar.gz", hash = "sha256:30674f2b5f6351aa09702a9c8c364f6a01c27aae0c1366ae8016160d1efc56b2", size = 55592, upload-time = "2026-03-21T20:11:16.284Z" }
wheels = [
    { url = "https://files.pythonhosted.org/packages/9d/7a/d968e294073affff457b041c2be9868a40c1c71f4a35fcc1e45e5493067b/pytest_cov-7.1.0-py3-none-any.whl", hash = "sha256:a0461110b7865f9a271aa1b51e516c9a95de9d696734a2f71e3e78f46e1d4678", size = 22876, upload-time = "2026-03-21T20:11:14.438Z" },
]

[[package]]
name = "pytest-xdist"
version = "3.8.0"
source = { registry = "https://pypi.org/simple" }
dependencies = [
    { name = "execnet" },
    { name = "pytest" },
]
sdist = { url = "https://files.pythonhosted.org/packages/78/b4/439b179d1ff526791eb921115fca8e44e596a13efeda518b9d845a619450/pytest_xdist-3.8.0.tar.gz", hash = "sha256:7e578125ec9bc6050861aa93f2d59f1d8d085595d6551c2c90b6f4fad8d3a9f1", size = 88069, upload-time = "2025-07-01T13:30:59.346Z" }
wheels = [
    { url = "https://files.pythonhosted.org/packages/ca/31/d4e37e9e550c2b92a9cbc2e4d0b7420a27224968580b5a447f420847c975/pytest_xdist-3.8.0-py3-none-any.whl", hash = "sha256:202ca578cfeb7370784a8c33d6d05bc6e13b4f25b5053c30a152269fd10f0b88", size = 46396, upload-time = "2025-07-01T13:30:56.632Z" },
]

[[package]]
name = "rich"
version = "15.0.0"
source = { registry = "https://pypi.org/simple" }
dependencies = [
    { name = "markdown-it-py" },
    { name = "pygments" },
]
sdist = { url = "https://files.pythonhosted.org/packages/c0/8f/0722ca900cc807c13a6a0c696dacf35430f72e0ec571c4275d2371fca3e9/rich-15.0.0.tar.gz", hash = "sha256:edd07a4824c6b40189fb7ac9bc4c52536e9780fbbfbddf6f1e2502c31b068c36", size = 230680, upload-time = "2026-04-12T08:24:00.75Z" }
wheels = [
    { url = "https://files.pythonhosted.org/packages/82/3b/64d4899d73f91ba49a8c18a8ff3f0ea8f1c1d75481760df8c68ef5235bf5/rich-15.0.0-py3-none-any.whl", hash = "sha256:33bd4ef74232fb73fe9279a257718407f169c09b78a87ad3d296f548e27de0bb", size = 310654, upload-time = "2026-04-12T08:24:02.83Z" },
]

[[package]]
name = "ruff"
version = "0.16.1"
source = { registry = "https://pypi.org/simple" }
sdist = { url = "https://files.pythonhosted.org/packages/70/25/7113f6d5498888c5fb7db34081cba7d5971c4cb1bfb26819966eee68f003/ruff-0.16.1.tar.gz", hash = "sha256:fedad7c801dabd3fb9741d76aca39246e6ddd9ca446a015875207bf19f1e6bc7", size = 4877500, upload-time = "2026-07-30T19:37:01.379Z" }
wheels = [
    { url = "https://files.pythonhosted.org/packages/1b/bd/694da69368e0973de65df2ddc73ab18d43c469d5963d9b150911de6bc513/ruff-0.16.1-py3-none-linux_armv6l.whl", hash = "sha256:58edb313b88f0c5460a26adf5f39a37a3be789494a15e3e411e35fa78b89f9a0", size = 10839126, upload-time = "2026-07-30T19:36:13.697Z" },
    { url = "https://files.pythonhosted.org/packages/3f/f0/b626e5d5bd0dd9576263658ef12885e2288afd1029a48e26ffed65ec1ac1/ruff-0.16.1-py3-none-macosx_10_12_x86_64.whl", hash = "sha256:fde5a99e2f97479af66edd6622c6d5a2a7592c77cf4153d9e4428f5eeb55b60c", size = 11070253, upload-time = "2026-07-30T19:36:17.14Z" },
    { url = "https://files.pythonhosted.org/packages/83/63/f40acfb6b35b88623e71684942b552c3edd96035f5d98f313815f7b277de/ruff-0.16.1-py3-none-macosx_11_0_arm64.whl", hash = "sha256:e0d4c20532fca4f7fa609369161d968dd28f65d83dabbd61d8e9c7edbf7001f6", size = 10561425, upload-time = "2026-07-30T19:36:20.04Z" },
    { url = "https://files.pythonhosted.org/packages/aa/dd/14ec0e9c2b4d315547dd38765004b4863e354e1b52cb308272215d9f6f6d/ruff-0.16.1-py3-none-manylinux_2_17_aarch64.manylinux2014_aarch64.whl", hash = "sha256:30affbcedf59ad5703d9c91f82266e02b47739f797e1a7b6e158e5526a6dae38", size = 10948879, upload-time = "2026-07-30T19:36:22.476Z" },
    { url = "https://files.pythonhosted.org/packages/33/e9/9d870cbae575030fdef595f04b4b97573c525b5497cce4f4498cf2f85446/ruff-0.16.1-py3-none-manylinux_2_17_armv7l.manylinux2014_armv7l.whl", hash = "sha256:24e9c631573cbca9d20f1283f8f479b2afa4a8503504822bd71a293889f16743", size = 10643691, upload-time = "2026-07-30T19:36:24.914Z" },
    { url = "https://files.pythonhosted.org/packages/c4/09/12743d544e2173f53ecd27217c65f90d2bc0f8424a66a60339e56bbc0457/ruff-0.16.1-py3-none-manylinux_2_17_i686.manylinux2014_i686.whl", hash = "sha256:b41bdd48fb420987a9b5212e4957c26ad4abce401fa9ea9d4d85843727945f4f", size = 11435354, upload-time = "2026-07-30T19:36:28.447Z" },
    { url = "https://files.pythonhosted.org/packages/7f/89/a1652b2daee52083c9554a6333b678a8b01d0400f976827bb87857f9449a/ruff-0.16.1-py3-none-manylinux_2_17_ppc64le.manylinux2014_ppc64le.whl", hash = "sha256:b0d1e1393b7648079e13669de1c1f4fde06d4583e84d8fd5c1551e0a77a2aa75", size = 12259033, upload-time = "2026-07-30T19:36:31.326Z" },
    { url = "https://files.pythonhosted.org/packages/16/96/ecdcb8c54ee7b123b487f807eb014e6e019155a0b81dfb669acd52f28ce3/ruff-0.16.1-py3-none-manylinux_2_17_s390x.manylinux2014_s390x.whl", hash = "sha256:07bf434b1c95f4e093be4532068ef4fcf00924eb2ade8796075980902d6fd54a", size = 11667981, upload-time = "2026-07-30T19:36:34.394Z" },
    { url = "https://files.pythonhosted.org/packages/cd/90/c52e12e0d862e9572f2a33aa227409143520abe53111e9a6babbac7b4af8/ruff-0.16.1-py3-none-manylinux_2_17_x86_64.manylinux2014_x86_64.whl", hash = "sha256:39897739f112253ee4fdd2e8aa9a4f9ded99fb2be367d5f31dfa4ded6025584c", size = 11468183, upload-time = "2026-07-30T19:36:37.339Z" },
    { url = "https://files.pythonhosted.org/packages/2c/6b/4ffb7ad1d83eb16cf8cbb3c8815d3f11c88460fd162d4b372a2059be1c2a/ruff-0.16.1-py3-none-manylinux_2_31_riscv64.whl", hash = "sha256:82ae3c0c0d74daf17b968a10b7b3bb3ef297ab7de0c1f749646b25e690ccb150", size = 11470071, upload-time = "2026-07-30T19:36:39.91Z" },
    { url = "https://files.pythonhosted.org/packages/9c/72/32ae7db4c0b5e32ab611787caa19d1546800676d79f7483b7100a3561bf4/ruff-0.16.1-py3-none-musllinux_1_2_aarch64.whl", hash = "sha256:4d5f2ed10f8242d83fc08d521301089364e3375375705356f20c0e31606ef3ef", size = 10919503, upload-time = "2026-07-30T19:36:42.65Z" },
    { url = "https://files.pythonhosted.org/packages/f7/ca/3d901ba6ad6fc38da39c3448fc6c59ac945679293a17c3ceb6d6c1cba13e/ruff-0.16.1-py3-none-musllinux_1_2_armv7l.whl", hash = "sha256:a4665b309891f83f3e3c25447935f1213e9abbd4b5640af7a1f2def9f8d413c1", size = 10649861, upload-time = "2026-07-30T19:36:45.18Z" },
    { url = "https://files.pythonhosted.org/packages/92/79/894ef1ced26552d5f8c9cf6d85b0687840e1128c55aeab7b9c2d54a0d880/ruff-0.16.1-py3-none-musllinux_1_2_i686.whl", hash = "sha256:26e9ca5c9bc3971f20d3cf18a957f52ffd6a5f6564ff15c4912a144dcac22494", size = 11148137, upload-time = "2026-07-30T19:36:47.936Z" },
    { url = "https://files.pythonhosted.org/packages/2d/69/3609a09fa1cb46cc28b762363e440a354204e5dff01bd0c8d7437874d6b9/ruff-0.16.1-py3-none-musllinux_1_2_x86_64.whl", hash = "sha256:67e1e1e3fa4f0c82f0e36d4cd61e661f6e7a6196cb1aa92fe0828fa7b8f257cd", size = 11559211, upload-time = "2026-07-30T19:36:50.448Z" },
    { url = "https://files.pythonhosted.org/packages/fc/8a/fb22af2fd78a736e241fabf67e30ce1799a64244026377a49e133af90762/ruff-0.16.1-py3-none-win32.whl", hash = "sha256:d31765e131295b8445caf301e3e8a85b34d1b9b211b4109b7ba457888b051806", size = 10838258, upload-time = "2026-07-30T19:36:53.298Z" },
    { url = "https://files.pythonhosted.org/packages/d4/35/e57fd9fb5d423961df087a00b12d42c0a830288dc2f3b45ecca299158b4f/ruff-0.16.1-py3-none-win_amd64.whl", hash = "sha256:09b05e8b90c2cb06ad63464350e7a45e8e44a2dfe52072ebfba6666ca8d3f596", size = 11961111, upload-time = "2026-07-30T19:36:56.107Z" },
    { url = "https://files.pythonhosted.org/packages/cb/46/240ea004bf6dc4feb40e9832f2205a476a47dd5b8a3f8211a5fc5f95e20e/ruff-0.16.1-py3-none-win_arm64.whl", hash = "sha256:dbaadaac38c70239f056d306b7476f246b0bf000fa6b3876402acbf5b227eaf8", size = 11309414, upload-time = "2026-07-30T19:36:58.79Z" },
]

[[package]]
name = "sgp4"
version = "2.27"
source = { registry = "https://pypi.org/simple" }
sdist = { url = "https://files.pythonhosted.org/packages/a8/62/e1282ea86299c76159e182cd36046e6d7980b120fef14c101757e1f650b3/sgp4-2.27.tar.gz", hash = "sha256:06d37247c6985739b707b8b39b6b83e06e8af783b2531e31965501ba983985f9", size = 180401, upload-time = "2026-07-03T12:54:49.443Z" }
wheels = [
    { url = "https://files.pythonhosted.org/packages/c1/06/01c556ab39ef9c161b44d171fbb0990f59d5079d77959409c1f97685d269/sgp4-2.27-cp311-abi3-macosx_10_9_x86_64.whl", hash = "sha256:5ae1394cf0d91f54418530b02a797b14c10bb28e3f4ab616cad79a3fd67e2399", size = 148927, upload-time = "2026-07-03T12:54:41.296Z" },
    { url = "https://files.pythonhosted.org/packages/36/d9/05fd166d8f74b326590e78bb13148d6b359ae32be5cd39082fd8a292bf50/sgp4-2.27-cp311-abi3-macosx_11_0_arm64.whl", hash = "sha256:ee68f73cb2383bc950eada2ca1b10357b0165dbf5ab75185962009375bab8761", size = 147745, upload-time = "2026-07-03T12:54:42.31Z" },
    { url = "https://files.pythonhosted.org/packages/d6/75/633ad7874db149df164168090951e676cdc3541a12d43b2cbb9d20ecb721/sgp4-2.27-cp311-abi3-manylinux1_x86_64.manylinux_2_28_x86_64.manylinux_2_5_x86_64.whl", hash = "sha256:4d3775313120dcb6239535fa0c94cb6d5b089fd84bbfb15220923ae38dec7296", size = 218130, upload-time = "2026-07-03T12:54:43.296Z" },
    { url = "https://files.pythonhosted.org/packages/bc/bf/a279758ff3eb290cc5658f035845d3107d9728e1d2d52629c9683845313a/sgp4-2.27-cp311-abi3-manylinux2014_aarch64.manylinux_2_17_aarch64.manylinux_2_28_aarch64.whl", hash = "sha256:ef915c124cdd9807a4eae0abe655ade89076c2cee5df0392cad172aef456cd0e", size = 219370, upload-time = "2026-07-03T12:54:44.453Z" },
    { url = "https://files.pythonhosted.org/packages/30/84/8eebceb87dee7e7095d78375c473b57471c964d87b676c138e2da3e901bb/sgp4-2.27-cp311-abi3-musllinux_1_2_aarch64.whl", hash = "sha256:26cfb6b8ace44e56b71cba79294da61af083b96c6b12f6229dc761c4d8c833eb", size = 215592, upload-time = "2026-07-03T12:54:45.493Z" },
    { url = "https://files.pythonhosted.org/packages/f4/5d/e7f4a9035cc62e4d10e35f22477498458520cb32b20eed5b4a9e7854d15d/sgp4-2.27-cp311-abi3-musllinux_1_2_x86_64.whl", hash = "sha256:63d30826ebd303e66f184b1e3feba30524d01a379e50baacd47732dd447d97ab", size = 214880, upload-time = "2026-07-03T12:54:46.563Z" },
    { url = "https://files.pythonhosted.org/packages/56/62/c14d2aaa36ff6e749189e3576c70f3ed21f3ba72fa69e924f20581e760c1/sgp4-2.27-cp311-abi3-win32.whl", hash = "sha256:951ec95ea7f0fe0b5307fc2cd9d28c8923048bcf376b11c6cd93739e15b4722d", size = 147271, upload-time = "2026-07-03T12:54:47.498Z" },
    { url = "https://files.pythonhosted.org/packages/d5/b5/6e76ddece37a130c1c4c33a0ca2ae381c7aad733ca8e3d9b451594711fc0/sgp4-2.27-cp311-abi3-win_amd64.whl", hash = "sha256:827c63feb60987ad177c2c80f3a927e721ead2f444d6560cd2a4337ca90d2490", size = 148879, upload-time = "2026-07-03T12:54:48.448Z" },
    { url = "https://files.pythonhosted.org/packages/78/cd/06dc91b31f2b919e788396c2cb5ad313d5ce0754321165343fd585c4be53/sgp4-2.27-py3-none-any.whl", hash = "sha256:5f3f5716649988b638fbe7fcda592830e0956f548ca273b93cfa5f75917b9087", size = 123299, upload-time = "2026-07-12T18:53:05.274Z" },
]

[[package]]
name = "sortedcontainers"
version = "2.4.0"
source = { registry = "https://pypi.org/simple" }
sdist = { url = "https://files.pythonhosted.org/packages/e8/c4/ba2f8066cceb6f23394729afe52f3bf7adec04bf9ed2c820b39e19299111/sortedcontainers-2.4.0.tar.gz", hash = "sha256:25caa5a06cc30b6b83d11423433f65d1f9d76c4c6a0c90e3379eaa43b9bfdb88", size = 30594, upload-time = "2021-05-16T22:03:42.897Z" }
wheels = [
    { url = "https://files.pythonhosted.org/packages/32/46/9cb0e58b2deb7f82b84065f37f3bffeb12413f947f9388e4cac22c4621ce/sortedcontainers-2.4.0-py2.py3-none-any.whl", hash = "sha256:a163dcaede0f1c021485e957a39245190e74249897e2ae4b2aa38595db237ee0", size = 29575, upload-time = "2021-05-16T22:03:41.177Z" },
]
